{
  "projects": [
    {
      "projectId": "hjKYmYi6HMwK6TRyk7ew5R",
      "version": "6.35.0",
      "dependencies": {},
      "lang": "ts",
      "fileLocks": [
        {
          "assetId": "hjKYmYi6HMwK6TRyk7ew5R",
          "type": "projectCss",
          "checksum": "e76cee85e96cb3fff580d5552a47cfe4"
        },
        {
          "assetId": "hjKYmYi6HMwK6TRyk7ew5R",
          "checksum": "ce1c1c4c2068f2505d175a1b6e17d26a",
          "type": "globalContexts"
        }
      ],
      "codegenVersion": "0.0.1"
    },
    {
      "projectId": "kS7YGZfVr6mU43XDQjXELc",
      "version": "0.13.0",
      "dependencies": {},
      "lang": "ts",
      "fileLocks": [
        {
          "assetId": "kS7YGZfVr6mU43XDQjXELc",
          "type": "projectCss",
          "checksum": "e1ec850476829c38b0f9b6d4f7ac446a"
        }
      ],
      "codegenVersion": "0.0.1"
    },
    {
      "projectId": "9Vr5YWkf3w7jj6SsTcCEta",
      "version": "0.7.0",
      "dependencies": {},
      "lang": "ts",
      "fileLocks": [
        {
          "assetId": "9Vr5YWkf3w7jj6SsTcCEta",
          "type": "projectCss",
          "checksum": "e1ec850476829c38b0f9b6d4f7ac446a"
        }
      ],
      "codegenVersion": "0.0.1"
    },
    {
      "projectId": "jkU633o1Cz7HrJdwdxhVHk",
      "version": "16.6.0",
      "dependencies": {},
      "lang": "ts",
      "fileLocks": [
        {
          "assetId": "jkU633o1Cz7HrJdwdxhVHk",
          "type": "projectCss",
          "checksum": "0581d4378bb1604bb5fe3f65bb0a37de"
        }
      ],
      "codegenVersion": "0.0.1"
    },
    {
      "projectId": "ohDidvG9XsCeFumugENU3J",
      "version": "6.19.0",
      "dependencies": {},
      "lang": "ts",
      "fileLocks": [
        {
          "assetId": "ohDidvG9XsCeFumugENU3J",
          "type": "projectCss",
          "checksum": "fd83b730367fdbde2c69bc6cf31c2a3c"
        },
        {
          "assetId": "ohDidvG9XsCeFumugENU3J",
          "checksum": "de0a0e65174a6a185a8f822af51c6bdd",
          "type": "globalContexts"
        }
      ],
      "codegenVersion": "0.0.1"
    },
    {
      "projectId": "i9JkwxpqHzRfTtai9PKqEh",
      "version": "latest",
      "dependencies": {
        "ohDidvG9XsCeFumugENU3J": "6.19.0",
        "jkU633o1Cz7HrJdwdxhVHk": "16.6.0",
        "9Vr5YWkf3w7jj6SsTcCEta": "0.7.0",
        "kS7YGZfVr6mU43XDQjXELc": "0.13.0",
        "hjKYmYi6HMwK6TRyk7ew5R": "6.35.0"
      },
      "lang": "ts",
      "fileLocks": [
        {
          "type": "globalVariant",
          "assetId": "BJqv9f67uaZ4",
          "checksum": "328dd7a346bb0c208665c1f0471a8d59"
        },
        {
          "assetId": "i9JkwxpqHzRfTtai9PKqEh",
          "type": "projectCss",
          "checksum": "0bb1a88c98a05dae774392de4bde4039"
        },
        {
          "assetId": "i9JkwxpqHzRfTtai9PKqEh",
          "checksum": "c1ee7df059686e296226e3de78844c6f",
          "type": "globalContexts"
        },
        {
          "type": "renderModule",
          "assetId": "BnnR4gnJbKMs",
          "checksum": "10b8e0799833896a36408ce9902c06d4"
        },
        {
          "type": "cssRules",
          "assetId": "BnnR4gnJbKMs",
          "checksum": "10b8e0799833896a36408ce9902c06d4"
        },
        {
          "type": "renderModule",
          "assetId": "-LZ7X_Pf7U1A",
          "checksum": "6f5eba7460ae7fcb2f7d2dd4b64b2014"
        },
        {
          "type": "cssRules",
          "assetId": "-LZ7X_Pf7U1A",
          "checksum": "6f5eba7460ae7fcb2f7d2dd4b64b2014"
        },
        {
          "type": "renderModule",
          "assetId": "_Bz3U4_u7Fi0",
          "checksum": "93cbef52c643c3554f744b74741f28ac"
        },
        {
          "type": "cssRules",
          "assetId": "_Bz3U4_u7Fi0",
          "checksum": "93cbef52c643c3554f744b74741f28ac"
        },
        {
          "type": "renderModule",
          "assetId": "jh-eI3hdU8gd",
          "checksum": "120609cb37311b882096458f15c0a970"
        },
        {
          "type": "cssRules",
          "assetId": "jh-eI3hdU8gd",
          "checksum": "120609cb37311b882096458f15c0a970"
        },
        {
          "type": "renderModule",
          "assetId": "RlHhSsmtsudI",
          "checksum": "eaf411097917c95e1e45765229cc5c23"
        },
        {
          "type": "cssRules",
          "assetId": "RlHhSsmtsudI",
          "checksum": "eaf411097917c95e1e45765229cc5c23"
        },
        {
          "type": "renderModule",
          "assetId": "xa0E7Zk7l7LH",
          "checksum": "cf1e05a9938555389c82653789079f4b"
        },
        {
          "type": "cssRules",
          "assetId": "xa0E7Zk7l7LH",
          "checksum": "cf1e05a9938555389c82653789079f4b"
        },
        {
          "type": "renderModule",
          "assetId": "Ib9BENDtK8ae",
          "checksum": "64a12b9f0f5a8fdbdb8ca5162aeae598"
        },
        {
          "type": "cssRules",
          "assetId": "Ib9BENDtK8ae",
          "checksum": "64a12b9f0f5a8fdbdb8ca5162aeae598"
        },
        {
          "type": "renderModule",
          "assetId": "amdOCucwepJd",
          "checksum": "caf629bb36ff074df3ec59bd7f1e93e2"
        },
        {
          "type": "cssRules",
          "assetId": "amdOCucwepJd",
          "checksum": "caf629bb36ff074df3ec59bd7f1e93e2"
        },
        {
          "type": "renderModule",
          "assetId": "Qf3ISx_75OQX",
          "checksum": "dbd37885c74d220d5c4c41a1ef6fdd9a"
        },
        {
          "type": "cssRules",
          "assetId": "Qf3ISx_75OQX",
          "checksum": "dbd37885c74d220d5c4c41a1ef6fdd9a"
        },
        {
          "type": "renderModule",
          "assetId": "9J3jqlKMqOlm",
          "checksum": "e3914a86a0a6c27bc6f86b597ac3f6b3"
        },
        {
          "type": "cssRules",
          "assetId": "9J3jqlKMqOlm",
          "checksum": "e3914a86a0a6c27bc6f86b597ac3f6b3"
        },
        {
          "type": "renderModule",
          "assetId": "X0V-IeSFIuCl",
          "checksum": "f7ae3e6ac632c3a3e29244c90f6be132"
        },
        {
          "type": "cssRules",
          "assetId": "X0V-IeSFIuCl",
          "checksum": "f7ae3e6ac632c3a3e29244c90f6be132"
        },
        {
          "type": "renderModule",
          "assetId": "R_Z9uZYwXx8_",
          "checksum": "1a15802417e505a7347548d1e4fec65f"
        },
        {
          "type": "cssRules",
          "assetId": "R_Z9uZYwXx8_",
          "checksum": "1a15802417e505a7347548d1e4fec65f"
        },
        {
          "type": "renderModule",
          "assetId": "c6FhDN7tOTsw",
          "checksum": "940ee0abd904fe3dda1f018efad5355b"
        },
        {
          "type": "cssRules",
          "assetId": "c6FhDN7tOTsw",
          "checksum": "940ee0abd904fe3dda1f018efad5355b"
        },
        {
          "type": "icon",
          "assetId": "cxZK-zkEvRWb",
          "checksum": "7394e0acea80eb2f37118f7450521ca4"
        },
        {
          "type": "icon",
          "assetId": "QsOHcNUjy7oG",
          "checksum": "4c0a91d0f0c6e0938b1db4413bdce0d5"
        },
        {
          "type": "image",
          "assetId": "2GljyqZDAUks",
          "checksum": "9887f6b4cd8a0a0f5150e3ee6950c6aa"
        },
        {
          "type": "image",
          "assetId": "jo13WMB9LTZp",
          "checksum": "79930f4b3af6e5b00b7a0bc79c66bae1"
        },
        {
          "type": "image",
          "assetId": "afBvsUVKCsnn",
          "checksum": "bb7fc128b56f79608529890973285501"
        },
        {
          "type": "image",
          "assetId": "_r1IUW5cYRrm",
          "checksum": "8f0e77574009667d4581a6c006fb115e"
        },
        {
          "type": "image",
          "assetId": "rOVLDZy-L6iD",
          "checksum": "1e4ae74105d352a6fa3852e251f10082"
        },
        {
          "type": "image",
          "assetId": "YldzvtFtJ1TN",
          "checksum": "035efc607429291f1d28bea784ccdb94"
        },
        {
          "type": "image",
          "assetId": "bLw0Rd2Ef_Cq",
          "checksum": "61d6a0eefdf856b0973f6d8b3a33a0d6"
        },
        {
          "type": "image",
          "assetId": "ttNvnVZ_2ryn",
          "checksum": "076796d10009dc4b421858638b4ae5c1"
        },
        {
          "type": "image",
          "assetId": "2aKNs2b3-9Tt",
          "checksum": "2d1d752ad6a565e3d66f6b81fcd2a7d4"
        },
        {
          "type": "image",
          "assetId": "Kt_bdsZsVX1D",
          "checksum": "27fdef630f77e82019af059c15ec3043"
        },
        {
          "type": "image",
          "assetId": "gz17jZEwG0fs",
          "checksum": "099648b17693b87e532e34d8ab3eb9ea"
        },
        {
          "type": "image",
          "assetId": "0DyFItiKHdxB",
          "checksum": "df1697568685e23c278cecf47c573dd7"
        },
        {
          "type": "image",
          "assetId": "M8NL4Y-dV1Bb",
          "checksum": "53b30d1fda0add54995ffa2954c5d5ed"
        },
        {
          "type": "image",
          "assetId": "KSONWQTCu_2R",
          "checksum": "5c8975cfb7a884182e9597f43b7c0863"
        },
        {
          "type": "image",
          "assetId": "KjC-IPqvmHbe",
          "checksum": "c967b11fed29dd05b94ef19dd3fe6678"
        },
        {
          "type": "image",
          "assetId": "z7gULqvzKMi-",
          "checksum": "f9d2116ffb87f0bbedd08c81b551a6a7"
        },
        {
          "type": "image",
          "assetId": "nfS5uMG4wD7j",
          "checksum": "43aed3934cf5b8329af3110759d3f4ce"
        }
      ],
      "codegenVersion": "0.0.1"
    }
  ],
  "cliVersion": "0.1.325"
}
